<?xml version="1.0" encoding="utf-8"?>
<Project ToolsVersion="4.0" xmlns="http://schemas.microsoft.com/developer/msbuild/2003">
  <ItemGroup>
    <Filter Include="Source Files">
      <UniqueIdentifier>{adbfb2c3-cdfd-4b9c-9da2-4e100b2b864f}</UniqueIdentifier>
    </Filter>
  </ItemGroup>
  <ItemGroup>

  </ItemGroup>
  <ItemGroup>
    <ClCompile Include="..\..\..\..\test\yield\http\client\http_client_test.cpp">
      <Filter>Source Files</Filter>
    </ClCompile>
    <ClInclude Include="..\..\..\..\test\yield\http\client\http_client_test.hpp">
      <Filter>Source Files</Filter>
    </ClInclude>
    <ClCompile Include="..\..\..\..\test\yield\http\client\yield_http_client_test_main.cpp">
      <Filter>Source Files</Filter>
    </ClCompile>
  </ItemGroup>
</Project>
