<?xml version="1.0" encoding="utf-8"?>
<Project ToolsVersion="4.0" xmlns="http://schemas.microsoft.com/developer/msbuild/2003">
  <ItemGroup>
    <Filter Include="Header Files">
      <UniqueIdentifier>{c99891b8-8ca4-4ebe-9d89-802618e13b61}</UniqueIdentifier>
    </Filter>
    <Filter Include="Header Files\ssl">
      <UniqueIdentifier>{d8e5b045-c727-40b1-af0f-667248da9ab0}</UniqueIdentifier>
    </Filter>
    <Filter Include="Header Files\win32">
      <UniqueIdentifier>{0bffbe9b-6bd7-4212-a70f-f0e4fafcebcc}</UniqueIdentifier>
    </Filter>
    <Filter Include="Source Files\sockets\posix">
      <UniqueIdentifier>{e27e4a51-79a0-49e4-beb6-20b7e0dbff33}</UniqueIdentifier>
    </Filter>
    <Filter Include="Source Files\sockets">
      <UniqueIdentifier>{f2b247ca-bd3d-4449-83e3-1c8ef9a4d7d2}</UniqueIdentifier>
    </Filter>
    <Filter Include="Source Files\sockets\ssl">
      <UniqueIdentifier>{95bbb9dd-df68-4250-916f-43a9e790f920}</UniqueIdentifier>
    </Filter>
    <Filter Include="Source Files\sockets\win32">
      <UniqueIdentifier>{f1351eb6-3f38-4017-a9f8-c711502c5414}</UniqueIdentifier>
    </Filter>
    <Filter Include="Source Files">
      <UniqueIdentifier>{b2266aad-52d2-4cb1-aaa7-3b91cc258e58}</UniqueIdentifier>
    </Filter>
  </ItemGroup>
  <ItemGroup>
    <ClInclude Include="..\..\..\include\yield\net\sockets\datagram_socket.hpp">
      <Filter>Header Files</Filter>
    </ClInclude>
    <ClInclude Include="..\..\..\include\yield\net\sockets\socket.hpp">
      <Filter>Header Files</Filter>
    </ClInclude>
    <ClInclude Include="..\..\..\include\yield\net\sockets\socket_address.hpp">
      <Filter>Header Files</Filter>
    </ClInclude>
    <ClInclude Include="..\..\..\include\yield\net\sockets\socket_pair.hpp">
      <Filter>Header Files</Filter>
    </ClInclude>
    <ClInclude Include="..\..\..\include\yield\net\sockets\ssl\ssl_context.hpp">
      <Filter>Header Files\ssl</Filter>
    </ClInclude>
    <ClInclude Include="..\..\..\include\yield\net\sockets\ssl\ssl_exception.hpp">
      <Filter>Header Files\ssl</Filter>
    </ClInclude>
    <ClInclude Include="..\..\..\include\yield\net\sockets\ssl\ssl_socket.hpp">
      <Filter>Header Files\ssl</Filter>
    </ClInclude>
    <ClInclude Include="..\..\..\include\yield\net\sockets\stream_socket.hpp">
      <Filter>Header Files</Filter>
    </ClInclude>
    <ClInclude Include="..\..\..\include\yield\net\sockets\tcp_socket.hpp">
      <Filter>Header Files</Filter>
    </ClInclude>
    <ClInclude Include="..\..\..\include\yield\net\sockets\udp_socket.hpp">
      <Filter>Header Files</Filter>
    </ClInclude>
    <ClInclude Include="..\..\..\include\yield\net\sockets\win32\winsock.hpp">
      <Filter>Header Files\win32</Filter>
    </ClInclude>
  </ItemGroup>
  <ItemGroup>
    <ClCompile Include="..\..\..\src\yield\net\sockets\posix\datagram_socket.cpp">
      <Filter>Source Files\sockets\posix</Filter>
    </ClCompile>
    <ClCompile Include="..\..\..\src\yield\net\sockets\posix\socket.cpp">
      <Filter>Source Files\sockets\posix</Filter>
    </ClCompile>
    <ClCompile Include="..\..\..\src\yield\net\sockets\posix\socket_address.cpp">
      <Filter>Source Files\sockets\posix</Filter>
    </ClCompile>
    <ClCompile Include="..\..\..\src\yield\net\sockets\posix\stream_socket.cpp">
      <Filter>Source Files\sockets\posix</Filter>
    </ClCompile>
    <ClCompile Include="..\..\..\src\yield\net\sockets\posix\tcp_socket.cpp">
      <Filter>Source Files\sockets\posix</Filter>
    </ClCompile>
    <ClCompile Include="..\..\..\src\yield\net\sockets\posix\udp_socket.cpp">
      <Filter>Source Files\sockets\posix</Filter>
    </ClCompile>
    <ClCompile Include="..\..\..\src\yield\net\sockets\socket_address_test.cpp">
      <Filter>Source Files\sockets</Filter>
    </ClCompile>
    <ClCompile Include="..\..\..\src\yield\net\sockets\socket_pair.cpp">
      <Filter>Source Files\sockets</Filter>
    </ClCompile>
    <ClCompile Include="..\..\..\src\yield\net\sockets\socket_pair_test.cpp">
      <Filter>Source Files\sockets</Filter>
    </ClCompile>
    <ClInclude Include="..\..\..\src\yield\net\sockets\socket_pair_test.hpp">
      <Filter>Source Files\sockets</Filter>
    </ClInclude>
    <ClInclude Include="..\..\..\src\yield\net\sockets\socket_test.hpp">
      <Filter>Source Files\sockets</Filter>
    </ClInclude>
    <ClCompile Include="..\..\..\src\yield\net\sockets\ssl\ssl_context.cpp">
      <Filter>Source Files\sockets\ssl</Filter>
    </ClCompile>
    <ClCompile Include="..\..\..\src\yield\net\sockets\ssl\ssl_context_test.cpp">
      <Filter>Source Files\sockets\ssl</Filter>
    </ClCompile>
    <ClCompile Include="..\..\..\src\yield\net\sockets\ssl\ssl_exception.cpp">
      <Filter>Source Files\sockets\ssl</Filter>
    </ClCompile>
    <ClCompile Include="..\..\..\src\yield\net\sockets\ssl\ssl_socket.cpp">
      <Filter>Source Files\sockets\ssl</Filter>
    </ClCompile>
    <ClCompile Include="..\..\..\src\yield\net\sockets\tcp_socket_test.cpp">
      <Filter>Source Files\sockets</Filter>
    </ClCompile>
    <ClCompile Include="..\..\..\src\yield\net\sockets\udp_socket_test.cpp">
      <Filter>Source Files\sockets</Filter>
    </ClCompile>
    <ClCompile Include="..\..\..\src\yield\net\sockets\win32\datagram_socket.cpp">
      <Filter>Source Files\sockets\win32</Filter>
    </ClCompile>
    <ClCompile Include="..\..\..\src\yield\net\sockets\win32\socket.cpp">
      <Filter>Source Files\sockets\win32</Filter>
    </ClCompile>
    <ClCompile Include="..\..\..\src\yield\net\sockets\win32\socket_address.cpp">
      <Filter>Source Files\sockets\win32</Filter>
    </ClCompile>
    <ClCompile Include="..\..\..\src\yield\net\sockets\win32\stream_socket.cpp">
      <Filter>Source Files\sockets\win32</Filter>
    </ClCompile>
    <ClCompile Include="..\..\..\src\yield\net\sockets\win32\tcp_socket.cpp">
      <Filter>Source Files\sockets\win32</Filter>
    </ClCompile>
    <ClCompile Include="..\..\..\src\yield\net\sockets\win32\udp_socket.cpp">
      <Filter>Source Files\sockets\win32</Filter>
    </ClCompile>
    <ClCompile Include="..\..\..\src\yield\net\yield_net_test_main.cpp">
      <Filter>Source Files</Filter>
    </ClCompile>
  </ItemGroup>
</Project>
