<?xml version="1.0" encoding="utf-8"?>
<Project ToolsVersion="4.0" xmlns="http://schemas.microsoft.com/developer/msbuild/2003">
  <ItemGroup>
    <Filter Include="Source Files\json">
      <UniqueIdentifier>{666a6793-8cba-4361-8661-d92a1ca9774a}</UniqueIdentifier>
    </Filter>
    <Filter Include="Source Files">
      <UniqueIdentifier>{8d02d159-d9be-4146-8c62-ec21fb0a2323}</UniqueIdentifier>
    </Filter>
    <Filter Include="Source Files\xdr">
      <UniqueIdentifier>{64f31334-1198-49a1-9c67-bddf315b0b60}</UniqueIdentifier>
    </Filter>
    <Filter Include="Source Files\xml">
      <UniqueIdentifier>{1e41c357-d437-4904-b024-bea340935daa}</UniqueIdentifier>
    </Filter>
  </ItemGroup>
  <ItemGroup>

  </ItemGroup>
  <ItemGroup>
    <ClCompile Include="..\..\..\test\yield\marshal\json\json_marshaller_test.cpp">
      <Filter>Source Files\json</Filter>
    </ClCompile>
    <ClInclude Include="..\..\..\test\yield\marshal\marshaller_test.hpp">
      <Filter>Source Files</Filter>
    </ClInclude>
    <ClInclude Include="..\..\..\test\yield\marshal\marshaller_test_types.hpp">
      <Filter>Source Files</Filter>
    </ClInclude>
    <ClCompile Include="..\..\..\test\yield\marshal\marshaller_test_types.idl">
      <Filter>Source Files</Filter>
    </ClCompile>
    <ClCompile Include="..\..\..\test\yield\marshal\pretty_printer_test.cpp">
      <Filter>Source Files</Filter>
    </ClCompile>
    <ClCompile Include="..\..\..\test\yield\marshal\xdr\xdr_marshaller_test.cpp">
      <Filter>Source Files\xdr</Filter>
    </ClCompile>
    <ClCompile Include="..\..\..\test\yield\marshal\xml\xml_marshaller_test.cpp">
      <Filter>Source Files\xml</Filter>
    </ClCompile>
    <ClCompile Include="..\..\..\test\yield\marshal\yield_marshal_test_main.cpp">
      <Filter>Source Files</Filter>
    </ClCompile>
  </ItemGroup>
</Project>
