<?xml version="1.0" encoding="utf-8"?>
<Project ToolsVersion="4.0" xmlns="http://schemas.microsoft.com/developer/msbuild/2003">
  <ItemGroup>
    <Filter Include="Source Files">
      <UniqueIdentifier>{ef5b798e-7cb1-4281-a989-3067b5b2d196}</UniqueIdentifier>
    </Filter>
    <Filter Include="Source Files\ssl">
      <UniqueIdentifier>{a6cf7ae6-5c0f-45ad-8cb5-e865195cd42b}</UniqueIdentifier>
    </Filter>
  </ItemGroup>
  <ItemGroup>

  </ItemGroup>
  <ItemGroup>
    <ClCompile Include="..\..\..\src\yield\sockets\socket_address_test.cpp">
      <Filter>Source Files</Filter>
    </ClCompile>
    <ClCompile Include="..\..\..\src\yield\sockets\socket_pair_test.cpp">
      <Filter>Source Files</Filter>
    </ClCompile>
    <ClInclude Include="..\..\..\src\yield\sockets\socket_pair_test.hpp">
      <Filter>Source Files</Filter>
    </ClInclude>
    <ClInclude Include="..\..\..\src\yield\sockets\socket_test.hpp">
      <Filter>Source Files</Filter>
    </ClInclude>
    <ClCompile Include="..\..\..\src\yield\sockets\ssl\ssl_context_test.cpp">
      <Filter>Source Files\ssl</Filter>
    </ClCompile>
    <ClCompile Include="..\..\..\src\yield\sockets\tcp_socket_test.cpp">
      <Filter>Source Files</Filter>
    </ClCompile>
    <ClCompile Include="..\..\..\src\yield\sockets\udp_socket_test.cpp">
      <Filter>Source Files</Filter>
    </ClCompile>
  </ItemGroup>
</Project>
