<?xml version="1.0" encoding="utf-8"?>
<Project ToolsVersion="4.0" xmlns="http://schemas.microsoft.com/developer/msbuild/2003">
  <ItemGroup>
    <Filter Include="Source Files">
      <UniqueIdentifier>{278b4487-0aaf-4f0a-8d21-2b49d5e280e9}</UniqueIdentifier>
    </Filter>
  </ItemGroup>
  <ItemGroup>

  </ItemGroup>
  <ItemGroup>

  </ItemGroup>
  <ItemGroup>
    <ClCompile Include="..\..\..\test\yield\sockets\datagram_socket_test.cpp">
      <Filter>Source Files</Filter>
    </ClCompile>
    <ClCompile Include="..\..\..\test\yield\sockets\socket_address_test.cpp">
      <Filter>Source Files</Filter>
    </ClCompile>
    <ClInclude Include="..\..\..\test\yield\sockets\socket_test.hpp">
      <Filter>Source Files</Filter>
    </ClInclude>
    <ClCompile Include="..\..\..\test\yield\sockets\stream_socket_test.cpp">
      <Filter>Source Files</Filter>
    </ClCompile>
    <ClCompile Include="..\..\..\test\yield\sockets\tcp_socket_test.cpp">
      <Filter>Source Files</Filter>
    </ClCompile>
    <ClCompile Include="..\..\..\test\yield\sockets\yield_sockets_test_main.cpp">
      <Filter>Source Files</Filter>
    </ClCompile>
  </ItemGroup>
</Project>
