<?xml version="1.0" encoding="utf-8"?>
<Project ToolsVersion="4.0" xmlns="http://schemas.microsoft.com/developer/msbuild/2003">
  <ItemGroup>
    <Filter Include="Header Files">
      <UniqueIdentifier>{9e0416dc-aa08-4930-8b2e-18d33c19c1a0}</UniqueIdentifier>
    </Filter>
    <Filter Include="Source Files\linux">
      <UniqueIdentifier>{3f4a3218-7eb9-419a-a66b-e8921b870e1f}</UniqueIdentifier>
    </Filter>
    <Filter Include="Source Files\sunos">
      <UniqueIdentifier>{c902fb26-45af-492f-a1a5-0112587ac1f6}</UniqueIdentifier>
    </Filter>
    <Filter Include="Source Files">
      <UniqueIdentifier>{15da7ad9-d65b-467d-bfc6-e8d2e1e56a7e}</UniqueIdentifier>
    </Filter>
    <Filter Include="Source Files\win32">
      <UniqueIdentifier>{d60cf169-b587-4267-a60d-d302f89f3987}</UniqueIdentifier>
    </Filter>
  </ItemGroup>
  <ItemGroup>
    <ClInclude Include="..\..\..\include\yield\uuid\uuid.hpp">
      <Filter>Header Files</Filter>
    </ClInclude>
  </ItemGroup>
  <ItemGroup>
    <ClCompile Include="..\..\..\src\yield\uuid\linux\uuid.cpp">
      <Filter>Source Files\linux</Filter>
    </ClCompile>
    <ClInclude Include="..\..\..\src\yield\uuid\linux\uuid.hpp">
      <Filter>Source Files\linux</Filter>
    </ClInclude>
    <ClCompile Include="..\..\..\src\yield\uuid\sunos\uuid.cpp">
      <Filter>Source Files\sunos</Filter>
    </ClCompile>
    <ClInclude Include="..\..\..\src\yield\uuid\sunos\uuid.hpp">
      <Filter>Source Files\sunos</Filter>
    </ClInclude>
    <ClCompile Include="..\..\..\src\yield\uuid\uuid.cpp">
      <Filter>Source Files</Filter>
    </ClCompile>
    <ClCompile Include="..\..\..\src\yield\uuid\uuid_test.cpp">
      <Filter>Source Files</Filter>
    </ClCompile>
    <ClCompile Include="..\..\..\src\yield\uuid\win32\uuid.cpp">
      <Filter>Source Files\win32</Filter>
    </ClCompile>
    <ClInclude Include="..\..\..\src\yield\uuid\win32\uuid.hpp">
      <Filter>Source Files\win32</Filter>
    </ClInclude>
    <ClCompile Include="..\..\..\src\yield\uuid\yield_uuid_test_main.cpp">
      <Filter>Source Files</Filter>
    </ClCompile>
  </ItemGroup>
</Project>
