<?xml version="1.0" encoding="utf-8"?>
<Project ToolsVersion="4.0" xmlns="http://schemas.microsoft.com/developer/msbuild/2003">
  <ItemGroup>
    <Filter Include="Header Files">
      <UniqueIdentifier>{05a3beb9-9e84-4784-a115-50ac22a9216c}</UniqueIdentifier>
    </Filter>
    <Filter Include="Header Files\posix">
      <UniqueIdentifier>{3c37171a-16bc-4a0c-a6f9-968b202f1b34}</UniqueIdentifier>
    </Filter>
    <Filter Include="Header Files\win32">
      <UniqueIdentifier>{addc4148-c574-4193-be66-be6370c9c0d3}</UniqueIdentifier>
    </Filter>
    <Filter Include="Source Files\posix">
      <UniqueIdentifier>{f91a7ae2-0f44-4c25-aecd-e928b95b51fe}</UniqueIdentifier>
    </Filter>
    <Filter Include="Source Files\win32">
      <UniqueIdentifier>{ba6ba8da-3544-411b-a254-ee2aa6c20297}</UniqueIdentifier>
    </Filter>
    <Filter Include="Source Files">
      <UniqueIdentifier>{9a9a8e59-bd5b-46ab-8481-8d5a4657f651}</UniqueIdentifier>
    </Filter>
  </ItemGroup>
  <ItemGroup>
    <ClInclude Include="..\..\..\include\yield\aio\aiocb.hpp">
      <Filter>Header Files</Filter>
    </ClInclude>
    <ClInclude Include="..\..\..\include\yield\aio\posix\aiocb.hpp">
      <Filter>Header Files\posix</Filter>
    </ClInclude>
    <ClInclude Include="..\..\..\include\yield\aio\win32\aio_queue.hpp">
      <Filter>Header Files\win32</Filter>
    </ClInclude>
    <ClInclude Include="..\..\..\include\yield\aio\win32\aiocb.hpp">
      <Filter>Header Files\win32</Filter>
    </ClInclude>
  </ItemGroup>
  <ItemGroup>
    <ClCompile Include="..\..\..\src\yield\aio\posix\aiocb.cpp">
      <Filter>Source Files\posix</Filter>
    </ClCompile>
    <ClCompile Include="..\..\..\src\yield\aio\win32\aio_queue.cpp">
      <Filter>Source Files\win32</Filter>
    </ClCompile>
    <ClCompile Include="..\..\..\src\yield\aio\win32\aiocb.cpp">
      <Filter>Source Files\win32</Filter>
    </ClCompile>
  </ItemGroup>
</Project>
