<?xml version="1.0" encoding="utf-8"?>
<Project ToolsVersion="4.0" xmlns="http://schemas.microsoft.com/developer/msbuild/2003">
  <ItemGroup>
    <Filter Include="Header Files\aio">
      <UniqueIdentifier>{dc38af55-14f6-4129-bcdf-f4b6ca39eea8}</UniqueIdentifier>
    </Filter>
    <Filter Include="Header Files\aio\fs">
      <UniqueIdentifier>{ce4db660-5e1c-4530-b474-93bf8943f687}</UniqueIdentifier>
    </Filter>
    <Filter Include="Header Files\aio\posix">
      <UniqueIdentifier>{ccf8f27d-a3a5-40f6-8625-ec6c55953160}</UniqueIdentifier>
    </Filter>
    <Filter Include="Header Files\aio\sockets">
      <UniqueIdentifier>{d3e66290-6379-45a2-822f-06d88379ec22}</UniqueIdentifier>
    </Filter>
    <Filter Include="Header Files\aio\win32">
      <UniqueIdentifier>{dd753104-563c-4574-94aa-4ff5f18b464a}</UniqueIdentifier>
    </Filter>
    <Filter Include="Header Files">
      <UniqueIdentifier>{178302ba-5c20-459c-85a7-6d4590fe9877}</UniqueIdentifier>
    </Filter>
    <Filter Include="Header Files\clientserver">
      <UniqueIdentifier>{2bb3f086-2e1d-4ba7-8814-535f30b67771}</UniqueIdentifier>
    </Filter>
    <Filter Include="Header Files\fs">
      <UniqueIdentifier>{b151882b-09c5-4e8a-ae92-6d3422c804f2}</UniqueIdentifier>
    </Filter>
    <Filter Include="Header Files\fs\posix">
      <UniqueIdentifier>{714cc8e7-8127-4168-a82b-90337f11aaeb}</UniqueIdentifier>
    </Filter>
    <Filter Include="Header Files\fs\win32">
      <UniqueIdentifier>{4cc59739-0e0a-45c9-a3c2-5937eddd64b1}</UniqueIdentifier>
    </Filter>
    <Filter Include="Header Files\getopt">
      <UniqueIdentifier>{6ded6009-d4d1-4971-a804-7bbcc072a57c}</UniqueIdentifier>
    </Filter>
    <Filter Include="Header Files\http">
      <UniqueIdentifier>{4f2fbb7f-3574-4b68-a867-78a77b0389bb}</UniqueIdentifier>
    </Filter>
    <Filter Include="Header Files\i18n">
      <UniqueIdentifier>{344cf9ae-2eca-4c53-bad7-b47e1bbcedca}</UniqueIdentifier>
    </Filter>
    <Filter Include="Header Files\i18n\posix">
      <UniqueIdentifier>{25af2138-302d-4cd3-8da6-3116453b0e78}</UniqueIdentifier>
    </Filter>
    <Filter Include="Header Files\i18n\win32">
      <UniqueIdentifier>{05ffa4d6-3851-4777-a1c4-451ad8893bb1}</UniqueIdentifier>
    </Filter>
    <Filter Include="Header Files\marshal">
      <UniqueIdentifier>{331a2e4e-aa2d-4ddb-8d0d-81b524d2065c}</UniqueIdentifier>
    </Filter>
    <Filter Include="Header Files\marshal\json">
      <UniqueIdentifier>{4fe97d4d-cc3c-49aa-b925-8b3ebcc35c3d}</UniqueIdentifier>
    </Filter>
    <Filter Include="Header Files\marshal\xdr">
      <UniqueIdentifier>{f103ca08-c014-4593-807f-a37ae2c53d31}</UniqueIdentifier>
    </Filter>
    <Filter Include="Header Files\marshal\xml">
      <UniqueIdentifier>{1b719ece-ca56-4df8-856c-9d0a46398382}</UniqueIdentifier>
    </Filter>
    <Filter Include="Header Files\poll">
      <UniqueIdentifier>{3e6b81cf-c453-4a1e-8d1f-5f7222e22623}</UniqueIdentifier>
    </Filter>
    <Filter Include="Header Files\process">
      <UniqueIdentifier>{39c39512-3634-42bd-a6c9-05b3da808776}</UniqueIdentifier>
    </Filter>
    <Filter Include="Header Files\sockets">
      <UniqueIdentifier>{54c8ca0c-5ee3-4622-88ef-2ae3ea54a986}</UniqueIdentifier>
    </Filter>
    <Filter Include="Header Files\sockets\ssl">
      <UniqueIdentifier>{c0ee8cf5-01b7-4219-a4b2-1892bc7c0063}</UniqueIdentifier>
    </Filter>
    <Filter Include="Header Files\sockets\win32">
      <UniqueIdentifier>{af1d2b3a-54e9-46e5-8b84-d23edb614eca}</UniqueIdentifier>
    </Filter>
    <Filter Include="Header Files\stage">
      <UniqueIdentifier>{52ae87e1-f43c-491a-b7c9-7433936cfaa0}</UniqueIdentifier>
    </Filter>
    <Filter Include="Header Files\thread">
      <UniqueIdentifier>{740a28a9-069e-4130-8c0f-49dbda8fb7af}</UniqueIdentifier>
    </Filter>
    <Filter Include="Header Files\uri">
      <UniqueIdentifier>{06f14c84-481c-4b82-86fe-6691c14bfa54}</UniqueIdentifier>
    </Filter>
    <Filter Include="Header Files\uuid">
      <UniqueIdentifier>{3b09f4a3-e499-476e-8916-d7924e94ee04}</UniqueIdentifier>
    </Filter>
    <Filter Include="Source Files">
      <UniqueIdentifier>{ab8a3698-44e2-4874-9196-1c58dd45ecbf}</UniqueIdentifier>
    </Filter>
  </ItemGroup>
  <ItemGroup>
    <ClInclude Include="..\..\..\include\yield\aio\aiocb.hpp">
      <Filter>Header Files\aio</Filter>
    </ClInclude>
    <ClInclude Include="..\..\..\include\yield\aio\fs\aio_queue.hpp">
      <Filter>Header Files\aio\fs</Filter>
    </ClInclude>
    <ClInclude Include="..\..\..\include\yield\aio\fs\aiocb.hpp">
      <Filter>Header Files\aio\fs</Filter>
    </ClInclude>
    <ClInclude Include="..\..\..\include\yield\aio\fs\fdatasync_aiocb.hpp">
      <Filter>Header Files\aio\fs</Filter>
    </ClInclude>
    <ClInclude Include="..\..\..\include\yield\aio\fs\fsync_aiocb.hpp">
      <Filter>Header Files\aio\fs</Filter>
    </ClInclude>
    <ClInclude Include="..\..\..\include\yield\aio\fs\pread_aiocb.hpp">
      <Filter>Header Files\aio\fs</Filter>
    </ClInclude>
    <ClInclude Include="..\..\..\include\yield\aio\fs\pwrite_aiocb.hpp">
      <Filter>Header Files\aio\fs</Filter>
    </ClInclude>
    <ClInclude Include="..\..\..\include\yield\aio\fs\setlk_aiocb.hpp">
      <Filter>Header Files\aio\fs</Filter>
    </ClInclude>
    <ClInclude Include="..\..\..\include\yield\aio\fs\unlk_aiocb.hpp">
      <Filter>Header Files\aio\fs</Filter>
    </ClInclude>
    <ClInclude Include="..\..\..\include\yield\aio\posix\aiocb.hpp">
      <Filter>Header Files\aio\posix</Filter>
    </ClInclude>
    <ClInclude Include="..\..\..\include\yield\aio\sockets\accept_aiocb.hpp">
      <Filter>Header Files\aio\sockets</Filter>
    </ClInclude>
    <ClInclude Include="..\..\..\include\yield\aio\sockets\aio_queue.hpp">
      <Filter>Header Files\aio\sockets</Filter>
    </ClInclude>
    <ClInclude Include="..\..\..\include\yield\aio\sockets\aiocb.hpp">
      <Filter>Header Files\aio\sockets</Filter>
    </ClInclude>
    <ClInclude Include="..\..\..\include\yield\aio\sockets\connect_aiocb.hpp">
      <Filter>Header Files\aio\sockets</Filter>
    </ClInclude>
    <ClInclude Include="..\..\..\include\yield\aio\sockets\recv_aiocb.hpp">
      <Filter>Header Files\aio\sockets</Filter>
    </ClInclude>
    <ClInclude Include="..\..\..\include\yield\aio\sockets\send_aiocb.hpp">
      <Filter>Header Files\aio\sockets</Filter>
    </ClInclude>
    <ClInclude Include="..\..\..\include\yield\aio\win32\aiocb.hpp">
      <Filter>Header Files\aio\win32</Filter>
    </ClInclude>
    <ClInclude Include="..\..\..\include\yield\assert.hpp">
      <Filter>Header Files</Filter>
    </ClInclude>
    <ClInclude Include="..\..\..\include\yield\atomic.hpp">
      <Filter>Header Files</Filter>
    </ClInclude>
    <ClInclude Include="..\..\..\include\yield\auto_object.hpp">
      <Filter>Header Files</Filter>
    </ClInclude>
    <ClInclude Include="..\..\..\include\yield\buffer.hpp">
      <Filter>Header Files</Filter>
    </ClInclude>
    <ClInclude Include="..\..\..\include\yield\channel.hpp">
      <Filter>Header Files</Filter>
    </ClInclude>
    <ClInclude Include="..\..\..\include\yield\channel_pair.hpp">
      <Filter>Header Files</Filter>
    </ClInclude>
    <ClInclude Include="..\..\..\include\yield\clientserver\socket_client.hpp">
      <Filter>Header Files\clientserver</Filter>
    </ClInclude>
    <ClInclude Include="..\..\..\include\yield\clientserver\socket_peer.hpp">
      <Filter>Header Files\clientserver</Filter>
    </ClInclude>
    <ClInclude Include="..\..\..\include\yield\clientserver\socket_server.hpp">
      <Filter>Header Files\clientserver</Filter>
    </ClInclude>
    <ClInclude Include="..\..\..\include\yield\clientserver\stream_socket_client.hpp">
      <Filter>Header Files\clientserver</Filter>
    </ClInclude>
    <ClInclude Include="..\..\..\include\yield\clientserver\stream_socket_peer.hpp">
      <Filter>Header Files\clientserver</Filter>
    </ClInclude>
    <ClInclude Include="..\..\..\include\yield\clientserver\stream_socket_server.hpp">
      <Filter>Header Files\clientserver</Filter>
    </ClInclude>
    <ClInclude Include="..\..\..\include\yield\config.hpp">
      <Filter>Header Files</Filter>
    </ClInclude>
    <ClInclude Include="..\..\..\include\yield\date_time.hpp">
      <Filter>Header Files</Filter>
    </ClInclude>
    <ClInclude Include="..\..\..\include\yield\event.hpp">
      <Filter>Header Files</Filter>
    </ClInclude>
    <ClInclude Include="..\..\..\include\yield\event_handler.hpp">
      <Filter>Header Files</Filter>
    </ClInclude>
    <ClInclude Include="..\..\..\include\yield\event_queue.hpp">
      <Filter>Header Files</Filter>
    </ClInclude>
    <ClInclude Include="..\..\..\include\yield\exception.hpp">
      <Filter>Header Files</Filter>
    </ClInclude>
    <ClInclude Include="..\..\..\include\yield\fixed_buffer.hpp">
      <Filter>Header Files</Filter>
    </ClInclude>
    <ClInclude Include="..\..\..\include\yield\fs\directory.hpp">
      <Filter>Header Files\fs</Filter>
    </ClInclude>
    <ClInclude Include="..\..\..\include\yield\fs\file.hpp">
      <Filter>Header Files\fs</Filter>
    </ClInclude>
    <ClInclude Include="..\..\..\include\yield\fs\file_log.hpp">
      <Filter>Header Files\fs</Filter>
    </ClInclude>
    <ClInclude Include="..\..\..\include\yield\fs\file_system.hpp">
      <Filter>Header Files\fs</Filter>
    </ClInclude>
    <ClInclude Include="..\..\..\include\yield\fs\memory_mapped_file.hpp">
      <Filter>Header Files\fs</Filter>
    </ClInclude>
    <ClInclude Include="..\..\..\include\yield\fs\path.hpp">
      <Filter>Header Files\fs</Filter>
    </ClInclude>
    <ClInclude Include="..\..\..\include\yield\fs\posix\directory.hpp">
      <Filter>Header Files\fs\posix</Filter>
    </ClInclude>
    <ClInclude Include="..\..\..\include\yield\fs\posix\extended_attributes.hpp">
      <Filter>Header Files\fs\posix</Filter>
    </ClInclude>
    <ClInclude Include="..\..\..\include\yield\fs\posix\file.hpp">
      <Filter>Header Files\fs\posix</Filter>
    </ClInclude>
    <ClInclude Include="..\..\..\include\yield\fs\posix\file_system.hpp">
      <Filter>Header Files\fs\posix</Filter>
    </ClInclude>
    <ClInclude Include="..\..\..\include\yield\fs\posix\memory_mapped_file.hpp">
      <Filter>Header Files\fs\posix</Filter>
    </ClInclude>
    <ClInclude Include="..\..\..\include\yield\fs\posix\stat.hpp">
      <Filter>Header Files\fs\posix</Filter>
    </ClInclude>
    <ClInclude Include="..\..\..\include\yield\fs\stat.hpp">
      <Filter>Header Files\fs</Filter>
    </ClInclude>
    <ClInclude Include="..\..\..\include\yield\fs\win32\directory.hpp">
      <Filter>Header Files\fs\win32</Filter>
    </ClInclude>
    <ClInclude Include="..\..\..\include\yield\fs\win32\file.hpp">
      <Filter>Header Files\fs\win32</Filter>
    </ClInclude>
    <ClInclude Include="..\..\..\include\yield\fs\win32\file_system.hpp">
      <Filter>Header Files\fs\win32</Filter>
    </ClInclude>
    <ClInclude Include="..\..\..\include\yield\fs\win32\memory_mapped_file.hpp">
      <Filter>Header Files\fs\win32</Filter>
    </ClInclude>
    <ClInclude Include="..\..\..\include\yield\fs\win32\stat.hpp">
      <Filter>Header Files\fs\win32</Filter>
    </ClInclude>
    <ClInclude Include="..\..\..\include\yield\getopt\option.hpp">
      <Filter>Header Files\getopt</Filter>
    </ClInclude>
    <ClInclude Include="..\..\..\include\yield\getopt\option_parser.hpp">
      <Filter>Header Files\getopt</Filter>
    </ClInclude>
    <ClInclude Include="..\..\..\include\yield\getopt\options.hpp">
      <Filter>Header Files\getopt</Filter>
    </ClInclude>
    <ClInclude Include="..\..\..\include\yield\getopt\parsed_option.hpp">
      <Filter>Header Files\getopt</Filter>
    </ClInclude>
    <ClInclude Include="..\..\..\include\yield\getopt\parsed_options.hpp">
      <Filter>Header Files\getopt</Filter>
    </ClInclude>
    <ClInclude Include="..\..\..\include\yield\http\access_log.hpp">
      <Filter>Header Files\http</Filter>
    </ClInclude>
    <ClInclude Include="..\..\..\include\yield\http\http_body_chunk.hpp">
      <Filter>Header Files\http</Filter>
    </ClInclude>
    <ClInclude Include="..\..\..\include\yield\http\http_client.hpp">
      <Filter>Header Files\http</Filter>
    </ClInclude>
    <ClInclude Include="..\..\..\include\yield\http\http_message.hpp">
      <Filter>Header Files\http</Filter>
    </ClInclude>
    <ClInclude Include="..\..\..\include\yield\http\http_message_parser.hpp">
      <Filter>Header Files\http</Filter>
    </ClInclude>
    <ClInclude Include="..\..\..\include\yield\http\http_request.hpp">
      <Filter>Header Files\http</Filter>
    </ClInclude>
    <ClInclude Include="..\..\..\include\yield\http\http_request_handler.hpp">
      <Filter>Header Files\http</Filter>
    </ClInclude>
    <ClInclude Include="..\..\..\include\yield\http\http_request_parser.hpp">
      <Filter>Header Files\http</Filter>
    </ClInclude>
    <ClInclude Include="..\..\..\include\yield\http\http_response.hpp">
      <Filter>Header Files\http</Filter>
    </ClInclude>
    <ClInclude Include="..\..\..\include\yield\http\http_response_parser.hpp">
      <Filter>Header Files\http</Filter>
    </ClInclude>
    <ClInclude Include="..\..\..\include\yield\http\http_server.hpp">
      <Filter>Header Files\http</Filter>
    </ClInclude>
    <ClInclude Include="..\..\..\include\yield\i18n\code.hpp">
      <Filter>Header Files\i18n</Filter>
    </ClInclude>
    <ClInclude Include="..\..\..\include\yield\i18n\iconv.hpp">
      <Filter>Header Files\i18n</Filter>
    </ClInclude>
    <ClInclude Include="..\..\..\include\yield\i18n\posix\code.hpp">
      <Filter>Header Files\i18n\posix</Filter>
    </ClInclude>
    <ClInclude Include="..\..\..\include\yield\i18n\posix\iconv.hpp">
      <Filter>Header Files\i18n\posix</Filter>
    </ClInclude>
    <ClInclude Include="..\..\..\include\yield\i18n\posix\tstring.hpp">
      <Filter>Header Files\i18n\posix</Filter>
    </ClInclude>
    <ClInclude Include="..\..\..\include\yield\i18n\tstring.hpp">
      <Filter>Header Files\i18n</Filter>
    </ClInclude>
    <ClInclude Include="..\..\..\include\yield\i18n\win32\code.hpp">
      <Filter>Header Files\i18n\win32</Filter>
    </ClInclude>
    <ClInclude Include="..\..\..\include\yield\i18n\win32\iconv.hpp">
      <Filter>Header Files\i18n\win32</Filter>
    </ClInclude>
    <ClInclude Include="..\..\..\include\yield\i18n\win32\tstring.hpp">
      <Filter>Header Files\i18n\win32</Filter>
    </ClInclude>
    <ClInclude Include="..\..\..\include\yield\log.hpp">
      <Filter>Header Files</Filter>
    </ClInclude>
    <ClInclude Include="..\..\..\include\yield\marshal\boolean.hpp">
      <Filter>Header Files\marshal</Filter>
    </ClInclude>
    <ClInclude Include="..\..\..\include\yield\marshal\double.hpp">
      <Filter>Header Files\marshal</Filter>
    </ClInclude>
    <ClInclude Include="..\..\..\include\yield\marshal\integer.hpp">
      <Filter>Header Files\marshal</Filter>
    </ClInclude>
    <ClInclude Include="..\..\..\include\yield\marshal\json\json_decoder.hpp">
      <Filter>Header Files\marshal\json</Filter>
    </ClInclude>
    <ClInclude Include="..\..\..\include\yield\marshal\json\json_encoder.hpp">
      <Filter>Header Files\marshal\json</Filter>
    </ClInclude>
    <ClInclude Include="..\..\..\include\yield\marshal\json\json_marshaller.hpp">
      <Filter>Header Files\marshal\json</Filter>
    </ClInclude>
    <ClInclude Include="..\..\..\include\yield\marshal\json\json_unmarshaller.hpp">
      <Filter>Header Files\marshal\json</Filter>
    </ClInclude>
    <ClInclude Include="..\..\..\include\yield\marshal\map.hpp">
      <Filter>Header Files\marshal</Filter>
    </ClInclude>
    <ClInclude Include="..\..\..\include\yield\marshal\marshaller.hpp">
      <Filter>Header Files\marshal</Filter>
    </ClInclude>
    <ClInclude Include="..\..\..\include\yield\marshal\null.hpp">
      <Filter>Header Files\marshal</Filter>
    </ClInclude>
    <ClInclude Include="..\..\..\include\yield\marshal\object.hpp">
      <Filter>Header Files\marshal</Filter>
    </ClInclude>
    <ClInclude Include="..\..\..\include\yield\marshal\pretty_printer.hpp">
      <Filter>Header Files\marshal</Filter>
    </ClInclude>
    <ClInclude Include="..\..\..\include\yield\marshal\sequence.hpp">
      <Filter>Header Files\marshal</Filter>
    </ClInclude>
    <ClInclude Include="..\..\..\include\yield\marshal\string.hpp">
      <Filter>Header Files\marshal</Filter>
    </ClInclude>
    <ClInclude Include="..\..\..\include\yield\marshal\string_literal.hpp">
      <Filter>Header Files\marshal</Filter>
    </ClInclude>
    <ClInclude Include="..\..\..\include\yield\marshal\unmarshaller.hpp">
      <Filter>Header Files\marshal</Filter>
    </ClInclude>
    <ClInclude Include="..\..\..\include\yield\marshal\xdr\xdr_decoder.hpp">
      <Filter>Header Files\marshal\xdr</Filter>
    </ClInclude>
    <ClInclude Include="..\..\..\include\yield\marshal\xdr\xdr_encoder.hpp">
      <Filter>Header Files\marshal\xdr</Filter>
    </ClInclude>
    <ClInclude Include="..\..\..\include\yield\marshal\xdr\xdr_marshaller.hpp">
      <Filter>Header Files\marshal\xdr</Filter>
    </ClInclude>
    <ClInclude Include="..\..\..\include\yield\marshal\xdr\xdr_unmarshaller.hpp">
      <Filter>Header Files\marshal\xdr</Filter>
    </ClInclude>
    <ClInclude Include="..\..\..\include\yield\marshal\xml\xml_encoder.hpp">
      <Filter>Header Files\marshal\xml</Filter>
    </ClInclude>
    <ClInclude Include="..\..\..\include\yield\marshal\xml\xml_marshaller.hpp">
      <Filter>Header Files\marshal\xml</Filter>
    </ClInclude>
    <ClInclude Include="..\..\..\include\yield\marshal\xml\xml_unmarshaller.hpp">
      <Filter>Header Files\marshal\xml</Filter>
    </ClInclude>
    <ClInclude Include="..\..\..\include\yield\message.hpp">
      <Filter>Header Files</Filter>
    </ClInclude>
    <ClInclude Include="..\..\..\include\yield\object.hpp">
      <Filter>Header Files</Filter>
    </ClInclude>
    <ClInclude Include="..\..\..\include\yield\page.hpp">
      <Filter>Header Files</Filter>
    </ClInclude>
    <ClInclude Include="..\..\..\include\yield\poll\fd_event.hpp">
      <Filter>Header Files\poll</Filter>
    </ClInclude>
    <ClInclude Include="..\..\..\include\yield\poll\fd_event_queue.hpp">
      <Filter>Header Files\poll</Filter>
    </ClInclude>
    <ClInclude Include="..\..\..\include\yield\poll\socket_event.hpp">
      <Filter>Header Files\poll</Filter>
    </ClInclude>
    <ClInclude Include="..\..\..\include\yield\poll\socket_event_queue.hpp">
      <Filter>Header Files\poll</Filter>
    </ClInclude>
    <ClInclude Include="..\..\..\include\yield\process\process.hpp">
      <Filter>Header Files\process</Filter>
    </ClInclude>
    <ClInclude Include="..\..\..\include\yield\process\shared_library.hpp">
      <Filter>Header Files\process</Filter>
    </ClInclude>
    <ClInclude Include="..\..\..\include\yield\request.hpp">
      <Filter>Header Files</Filter>
    </ClInclude>
    <ClInclude Include="..\..\..\include\yield\response.hpp">
      <Filter>Header Files</Filter>
    </ClInclude>
    <ClInclude Include="..\..\..\include\yield\sockets\datagram_socket.hpp">
      <Filter>Header Files\sockets</Filter>
    </ClInclude>
    <ClInclude Include="..\..\..\include\yield\sockets\socket.hpp">
      <Filter>Header Files\sockets</Filter>
    </ClInclude>
    <ClInclude Include="..\..\..\include\yield\sockets\socket_address.hpp">
      <Filter>Header Files\sockets</Filter>
    </ClInclude>
    <ClInclude Include="..\..\..\include\yield\sockets\socket_pair.hpp">
      <Filter>Header Files\sockets</Filter>
    </ClInclude>
    <ClInclude Include="..\..\..\include\yield\sockets\ssl\ssl_context.hpp">
      <Filter>Header Files\sockets\ssl</Filter>
    </ClInclude>
    <ClInclude Include="..\..\..\include\yield\sockets\ssl\ssl_exception.hpp">
      <Filter>Header Files\sockets\ssl</Filter>
    </ClInclude>
    <ClInclude Include="..\..\..\include\yield\sockets\ssl\ssl_socket.hpp">
      <Filter>Header Files\sockets\ssl</Filter>
    </ClInclude>
    <ClInclude Include="..\..\..\include\yield\sockets\stream_socket.hpp">
      <Filter>Header Files\sockets</Filter>
    </ClInclude>
    <ClInclude Include="..\..\..\include\yield\sockets\tcp_socket.hpp">
      <Filter>Header Files\sockets</Filter>
    </ClInclude>
    <ClInclude Include="..\..\..\include\yield\sockets\udp_socket.hpp">
      <Filter>Header Files\sockets</Filter>
    </ClInclude>
    <ClInclude Include="..\..\..\include\yield\sockets\win32\winsock.hpp">
      <Filter>Header Files\sockets\win32</Filter>
    </ClInclude>
    <ClInclude Include="..\..\..\include\yield\stage\polling_stage_scheduler.hpp">
      <Filter>Header Files\stage</Filter>
    </ClInclude>
    <ClInclude Include="..\..\..\include\yield\stage\seda_stage_scheduler.hpp">
      <Filter>Header Files\stage</Filter>
    </ClInclude>
    <ClInclude Include="..\..\..\include\yield\stage\stage.hpp">
      <Filter>Header Files\stage</Filter>
    </ClInclude>
    <ClInclude Include="..\..\..\include\yield\stage\stage_scheduler.hpp">
      <Filter>Header Files\stage</Filter>
    </ClInclude>
    <ClInclude Include="..\..\..\include\yield\stage\synchronized_event_queue.hpp">
      <Filter>Header Files\stage</Filter>
    </ClInclude>
    <ClInclude Include="..\..\..\include\yield\stage\synchronized_response_queue.hpp">
      <Filter>Header Files\stage</Filter>
    </ClInclude>
    <ClInclude Include="..\..\..\include\yield\stage\wavefront_stage_scheduler.hpp">
      <Filter>Header Files\stage</Filter>
    </ClInclude>
    <ClInclude Include="..\..\..\include\yield\string_buffer.hpp">
      <Filter>Header Files</Filter>
    </ClInclude>
    <ClInclude Include="..\..\..\include\yield\thread\blocking_concurrent_queue.hpp">
      <Filter>Header Files\thread</Filter>
    </ClInclude>
    <ClInclude Include="..\..\..\include\yield\thread\condition_variable.hpp">
      <Filter>Header Files\thread</Filter>
    </ClInclude>
    <ClInclude Include="..\..\..\include\yield\thread\fiber.hpp">
      <Filter>Header Files\thread</Filter>
    </ClInclude>
    <ClInclude Include="..\..\..\include\yield\thread\lightweight_mutex.hpp">
      <Filter>Header Files\thread</Filter>
    </ClInclude>
    <ClInclude Include="..\..\..\include\yield\thread\mutex.hpp">
      <Filter>Header Files\thread</Filter>
    </ClInclude>
    <ClInclude Include="..\..\..\include\yield\thread\mutex_holder.hpp">
      <Filter>Header Files\thread</Filter>
    </ClInclude>
    <ClInclude Include="..\..\..\include\yield\thread\non_blocking_concurrent_queue.hpp">
      <Filter>Header Files\thread</Filter>
    </ClInclude>
    <ClInclude Include="..\..\..\include\yield\thread\performance_counter_set.hpp">
      <Filter>Header Files\thread</Filter>
    </ClInclude>
    <ClInclude Include="..\..\..\include\yield\thread\pipe.hpp">
      <Filter>Header Files\thread</Filter>
    </ClInclude>
    <ClInclude Include="..\..\..\include\yield\thread\processor_set.hpp">
      <Filter>Header Files\thread</Filter>
    </ClInclude>
    <ClInclude Include="..\..\..\include\yield\thread\reader_writer_lock.hpp">
      <Filter>Header Files\thread</Filter>
    </ClInclude>
    <ClInclude Include="..\..\..\include\yield\thread\runnable.hpp">
      <Filter>Header Files\thread</Filter>
    </ClInclude>
    <ClInclude Include="..\..\..\include\yield\thread\sampler.hpp">
      <Filter>Header Files\thread</Filter>
    </ClInclude>
    <ClInclude Include="..\..\..\include\yield\thread\semaphore.hpp">
      <Filter>Header Files\thread</Filter>
    </ClInclude>
    <ClInclude Include="..\..\..\include\yield\thread\static_runnable.hpp">
      <Filter>Header Files\thread</Filter>
    </ClInclude>
    <ClInclude Include="..\..\..\include\yield\thread\synchronized_queue.hpp">
      <Filter>Header Files\thread</Filter>
    </ClInclude>
    <ClInclude Include="..\..\..\include\yield\thread\system_configuration.hpp">
      <Filter>Header Files\thread</Filter>
    </ClInclude>
    <ClInclude Include="..\..\..\include\yield\thread\thread.hpp">
      <Filter>Header Files\thread</Filter>
    </ClInclude>
    <ClInclude Include="..\..\..\include\yield\thread\tls_concurrent_queue.hpp">
      <Filter>Header Files\thread</Filter>
    </ClInclude>
    <ClInclude Include="..\..\..\include\yield\thread\unit_concurrent_queue.hpp">
      <Filter>Header Files\thread</Filter>
    </ClInclude>
    <ClInclude Include="..\..\..\include\yield\time.hpp">
      <Filter>Header Files</Filter>
    </ClInclude>
    <ClInclude Include="..\..\..\include\yield\types.hpp">
      <Filter>Header Files</Filter>
    </ClInclude>
    <ClInclude Include="..\..\..\include\yield\uri\uri.hpp">
      <Filter>Header Files\uri</Filter>
    </ClInclude>
    <ClInclude Include="..\..\..\include\yield\uuid\uuid.hpp">
      <Filter>Header Files\uuid</Filter>
    </ClInclude>
  </ItemGroup>
  <ItemGroup>
    <ClCompile Include="..\..\..\src\yield\stage\polling_stage_scheduler.cpp">
      <Filter>Source Files</Filter>
    </ClCompile>
    <ClCompile Include="..\..\..\src\yield\stage\seda_stage_scheduler.cpp">
      <Filter>Source Files</Filter>
    </ClCompile>
    <ClCompile Include="..\..\..\src\yield\stage\stage.cpp">
      <Filter>Source Files</Filter>
    </ClCompile>
    <ClCompile Include="..\..\..\src\yield\stage\stage_scheduler.cpp">
      <Filter>Source Files</Filter>
    </ClCompile>
    <ClCompile Include="..\..\..\src\yield\stage\synchronized_event_queue.cpp">
      <Filter>Source Files</Filter>
    </ClCompile>
    <ClCompile Include="..\..\..\src\yield\stage\wavefront_stage_scheduler.cpp">
      <Filter>Source Files</Filter>
    </ClCompile>
  </ItemGroup>
</Project>
