<?xml version="1.0" encoding="utf-8"?>
<Project ToolsVersion="4.0" xmlns="http://schemas.microsoft.com/developer/msbuild/2003">
  <ItemGroup>
    <Filter Include="Source Files\bsd">
      <UniqueIdentifier>{9f1865c5-1d4e-402d-9167-54e22dd7e637}</UniqueIdentifier>
    </Filter>
    <Filter Include="Source Files">
      <UniqueIdentifier>{77cdb3ec-93b2-4986-a71c-6a64e108ff62}</UniqueIdentifier>
    </Filter>
    <Filter Include="Source Files\linux">
      <UniqueIdentifier>{25ee66d2-566c-4b8a-ad59-d2479b6eeddf}</UniqueIdentifier>
    </Filter>
    <Filter Include="Source Files\win32">
      <UniqueIdentifier>{6ea86c58-f475-400b-a3cf-39e549330f0b}</UniqueIdentifier>
    </Filter>
  </ItemGroup>
  <ItemGroup>
    <Filter Include="Header Files\bsd">
      <UniqueIdentifier>{ba3265f3-b814-420a-8a1c-3f38435ac93c}</UniqueIdentifier>
    </Filter>
    <Filter Include="Header Files">
      <UniqueIdentifier>{8de378a6-1aab-4262-9bad-c9988ac4f590}</UniqueIdentifier>
    </Filter>
    <Filter Include="Header Files\linux">
      <UniqueIdentifier>{2a4ee6c4-6cf0-478d-adf3-d6896189cf6d}</UniqueIdentifier>
    </Filter>
    <Filter Include="Header Files\win32">
      <UniqueIdentifier>{787e5b2a-b47d-4cea-9b6c-1448194b2d1b}</UniqueIdentifier>
    </Filter>
  </ItemGroup>
  <ItemGroup>
    <ClInclude Include="..\..\..\..\include\yield\fs\poll\bsd\fs_event_queue.hpp">
      <Filter>Header Files\bsd</Filter>
    </ClInclude>
    <ClInclude Include="..\..\..\..\include\yield\fs\poll\fs_event.hpp">
      <Filter>Header Files</Filter>
    </ClInclude>
    <ClInclude Include="..\..\..\..\include\yield\fs\poll\fs_event_queue.hpp">
      <Filter>Header Files</Filter>
    </ClInclude>
    <ClInclude Include="..\..\..\..\include\yield\fs\poll\linux\fs_event_queue.hpp">
      <Filter>Header Files\linux</Filter>
    </ClInclude>
    <ClInclude Include="..\..\..\..\include\yield\fs\poll\scanning_fs_event_queue.hpp">
      <Filter>Header Files</Filter>
    </ClInclude>
    <ClInclude Include="..\..\..\..\include\yield\fs\poll\win32\fs_event_queue.hpp">
      <Filter>Header Files\win32</Filter>
    </ClInclude>
  </ItemGroup>
  <ItemGroup>
    <ClCompile Include="..\..\..\..\src\yield\fs\poll\bsd\fs_event_queue.cpp">
      <Filter>Source Files\bsd</Filter>
    </ClCompile>
    <ClCompile Include="..\..\..\..\src\yield\fs\poll\fs_event.cpp">
      <Filter>Source Files</Filter>
    </ClCompile>
    <ClCompile Include="..\..\..\..\src\yield\fs\poll\linux\fs_event_queue.cpp">
      <Filter>Source Files\linux</Filter>
    </ClCompile>
    <ClCompile Include="..\..\..\..\src\yield\fs\poll\linux\watch.cpp">
      <Filter>Source Files\linux</Filter>
    </ClCompile>
    <ClInclude Include="..\..\..\..\src\yield\fs\poll\linux\watch.hpp">
      <Filter>Source Files\linux</Filter>
    </ClInclude>
    <ClCompile Include="..\..\..\..\src\yield\fs\poll\linux\watches.cpp">
      <Filter>Source Files\linux</Filter>
    </ClCompile>
    <ClInclude Include="..\..\..\..\src\yield\fs\poll\linux\watches.hpp">
      <Filter>Source Files\linux</Filter>
    </ClInclude>
    <ClCompile Include="..\..\..\..\src\yield\fs\poll\scanning_directory_watch.cpp">
      <Filter>Source Files</Filter>
    </ClCompile>
    <ClInclude Include="..\..\..\..\src\yield\fs\poll\scanning_directory_watch.hpp">
      <Filter>Source Files</Filter>
    </ClInclude>
    <ClCompile Include="..\..\..\..\src\yield\fs\poll\scanning_file_watch.cpp">
      <Filter>Source Files</Filter>
    </ClCompile>
    <ClInclude Include="..\..\..\..\src\yield\fs\poll\scanning_file_watch.hpp">
      <Filter>Source Files</Filter>
    </ClInclude>
    <ClCompile Include="..\..\..\..\src\yield\fs\poll\scanning_fs_event_queue.cpp">
      <Filter>Source Files</Filter>
    </ClCompile>
    <ClCompile Include="..\..\..\..\src\yield\fs\poll\scanning_watch.cpp">
      <Filter>Source Files</Filter>
    </ClCompile>
    <ClInclude Include="..\..\..\..\src\yield\fs\poll\scanning_watch.hpp">
      <Filter>Source Files</Filter>
    </ClInclude>
    <ClCompile Include="..\..\..\..\src\yield\fs\poll\watch.cpp">
      <Filter>Source Files</Filter>
    </ClCompile>
    <ClInclude Include="..\..\..\..\src\yield\fs\poll\watch.hpp">
      <Filter>Source Files</Filter>
    </ClInclude>
    <ClCompile Include="..\..\..\..\src\yield\fs\poll\win32\directory_watch.cpp">
      <Filter>Source Files\win32</Filter>
    </ClCompile>
    <ClInclude Include="..\..\..\..\src\yield\fs\poll\win32\directory_watch.hpp">
      <Filter>Source Files\win32</Filter>
    </ClInclude>
    <ClCompile Include="..\..\..\..\src\yield\fs\poll\win32\file_watch.cpp">
      <Filter>Source Files\win32</Filter>
    </ClCompile>
    <ClInclude Include="..\..\..\..\src\yield\fs\poll\win32\file_watch.hpp">
      <Filter>Source Files\win32</Filter>
    </ClInclude>
    <ClCompile Include="..\..\..\..\src\yield\fs\poll\win32\fs_event_queue.cpp">
      <Filter>Source Files\win32</Filter>
    </ClCompile>
    <ClCompile Include="..\..\..\..\src\yield\fs\poll\win32\watch.cpp">
      <Filter>Source Files\win32</Filter>
    </ClCompile>
    <ClInclude Include="..\..\..\..\src\yield\fs\poll\win32\watch.hpp">
      <Filter>Source Files\win32</Filter>
    </ClInclude>
  </ItemGroup>
</Project>
