<?xml version="1.0" encoding="utf-8"?>
<Project ToolsVersion="4.0" xmlns="http://schemas.microsoft.com/developer/msbuild/2003">
  <ItemGroup>
    <Filter Include="Source Files">
      <UniqueIdentifier>{9b06acfc-e43d-4caa-a2eb-fabeefe19ac3}</UniqueIdentifier>
    </Filter>
  </ItemGroup>
  <ItemGroup>

  </ItemGroup>
  <ItemGroup>
    <ClCompile Include="..\..\..\src\yield\process\process_test.cpp">
      <Filter>Source Files</Filter>
    </ClCompile>
    <ClCompile Include="..\..\..\src\yield\process\shared_library_test.cpp">
      <Filter>Source Files</Filter>
    </ClCompile>
    <ClCompile Include="..\..\..\src\yield\process\yield_process_test_main.cpp">
      <Filter>Source Files</Filter>
    </ClCompile>
  </ItemGroup>
</Project>
