<?xml version="1.0" encoding="utf-8"?>
<Project ToolsVersion="4.0" xmlns="http://schemas.microsoft.com/developer/msbuild/2003">
  <ItemGroup>
    <Filter Include="Header Files">
      <UniqueIdentifier>{ad3a35cb-c532-4192-bfdd-9c18be9d85a5}</UniqueIdentifier>
    </Filter>
    <Filter Include="Source Files\darwin">
      <UniqueIdentifier>{e2e84c03-76a9-4c75-81f4-cd3fe9f80db5}</UniqueIdentifier>
    </Filter>
    <Filter Include="Source Files\linux">
      <UniqueIdentifier>{6c0aeb3e-8017-4687-ae29-89af79884c09}</UniqueIdentifier>
    </Filter>
    <Filter Include="Source Files\posix">
      <UniqueIdentifier>{62cf4b20-5387-429d-bab8-7177474ff799}</UniqueIdentifier>
    </Filter>
    <Filter Include="Source Files">
      <UniqueIdentifier>{832ff5ac-1eab-4587-a8f4-a5e8335c323d}</UniqueIdentifier>
    </Filter>
    <Filter Include="Source Files\sunos">
      <UniqueIdentifier>{a27abe14-9117-4ffb-b299-95253601d9d6}</UniqueIdentifier>
    </Filter>
    <Filter Include="Source Files\win32">
      <UniqueIdentifier>{e0fcfa9f-6d84-47b3-aa26-0325cea896ae}</UniqueIdentifier>
    </Filter>
  </ItemGroup>
  <ItemGroup>
    <ClInclude Include="..\..\..\include\yield\process\process.hpp">
      <Filter>Header Files</Filter>
    </ClInclude>
    <ClInclude Include="..\..\..\include\yield\process\shared_library.hpp">
      <Filter>Header Files</Filter>
    </ClInclude>
  </ItemGroup>
  <ItemGroup>
    <ClCompile Include="..\..\..\src\yield\process\darwin\process.cpp">
      <Filter>Source Files\darwin</Filter>
    </ClCompile>
    <ClInclude Include="..\..\..\src\yield\process\darwin\process.hpp">
      <Filter>Source Files\darwin</Filter>
    </ClInclude>
    <ClCompile Include="..\..\..\src\yield\process\linux\process.cpp">
      <Filter>Source Files\linux</Filter>
    </ClCompile>
    <ClInclude Include="..\..\..\src\yield\process\linux\process.hpp">
      <Filter>Source Files\linux</Filter>
    </ClInclude>
    <ClCompile Include="..\..\..\src\yield\process\posix\process.cpp">
      <Filter>Source Files\posix</Filter>
    </ClCompile>
    <ClInclude Include="..\..\..\src\yield\process\posix\process.hpp">
      <Filter>Source Files\posix</Filter>
    </ClInclude>
    <ClCompile Include="..\..\..\src\yield\process\posix\shared_library.cpp">
      <Filter>Source Files\posix</Filter>
    </ClCompile>
    <ClCompile Include="..\..\..\src\yield\process\process.cpp">
      <Filter>Source Files</Filter>
    </ClCompile>
    <ClCompile Include="..\..\..\src\yield\process\sunos\process.cpp">
      <Filter>Source Files\sunos</Filter>
    </ClCompile>
    <ClInclude Include="..\..\..\src\yield\process\sunos\process.hpp">
      <Filter>Source Files\sunos</Filter>
    </ClInclude>
    <ClCompile Include="..\..\..\src\yield\process\win32\process.cpp">
      <Filter>Source Files\win32</Filter>
    </ClCompile>
    <ClInclude Include="..\..\..\src\yield\process\win32\process.hpp">
      <Filter>Source Files\win32</Filter>
    </ClInclude>
    <ClCompile Include="..\..\..\src\yield\process\win32\shared_library.cpp">
      <Filter>Source Files\win32</Filter>
    </ClCompile>
  </ItemGroup>
</Project>
