<?xml version="1.0" encoding="utf-8"?>
<Project ToolsVersion="4.0" xmlns="http://schemas.microsoft.com/developer/msbuild/2003">
  <ItemGroup>
    <Filter Include="Header Files\aio">
      <UniqueIdentifier>{5b41348e-9afc-4878-ab34-b30797746a67}</UniqueIdentifier>
    </Filter>
    <Filter Include="Header Files\aio\fs">
      <UniqueIdentifier>{980be17c-1a66-49d1-a209-bd025ece9216}</UniqueIdentifier>
    </Filter>
    <Filter Include="Header Files\aio\posix">
      <UniqueIdentifier>{fd840e3b-cc55-412b-9617-1d3b40efb8c9}</UniqueIdentifier>
    </Filter>
    <Filter Include="Header Files\aio\sockets">
      <UniqueIdentifier>{deb35f1a-42aa-4cf5-9eb8-05e03886d8ad}</UniqueIdentifier>
    </Filter>
    <Filter Include="Header Files\aio\win32">
      <UniqueIdentifier>{dcd52fc7-befd-4595-a72b-3b9c7e0147ee}</UniqueIdentifier>
    </Filter>
    <Filter Include="Header Files">
      <UniqueIdentifier>{f1e94a31-ef63-42d2-b6aa-64f4b604fa4e}</UniqueIdentifier>
    </Filter>
    <Filter Include="Header Files\clientserver">
      <UniqueIdentifier>{a4554200-ed1f-438b-9343-bc6d4ca3410e}</UniqueIdentifier>
    </Filter>
    <Filter Include="Header Files\fs">
      <UniqueIdentifier>{cbbdfd0a-fb4b-4776-a02d-a35c9408e183}</UniqueIdentifier>
    </Filter>
    <Filter Include="Header Files\fs\posix">
      <UniqueIdentifier>{933292e0-5f5a-40ed-b63d-27e4da63378a}</UniqueIdentifier>
    </Filter>
    <Filter Include="Header Files\fs\win32">
      <UniqueIdentifier>{4342ea5d-bb40-41fe-93bd-10171cb710c6}</UniqueIdentifier>
    </Filter>
    <Filter Include="Header Files\getopt">
      <UniqueIdentifier>{a46fbc06-bca4-4d70-a6d8-93c366d80e8f}</UniqueIdentifier>
    </Filter>
    <Filter Include="Header Files\http">
      <UniqueIdentifier>{afccfe9f-7dec-4579-b908-fe6a1b639211}</UniqueIdentifier>
    </Filter>
    <Filter Include="Header Files\i18n">
      <UniqueIdentifier>{54cf2a35-9abf-4a26-9b26-6f5bda05ce46}</UniqueIdentifier>
    </Filter>
    <Filter Include="Header Files\i18n\posix">
      <UniqueIdentifier>{a6f294c7-c57e-49ec-99d0-416205ebb30c}</UniqueIdentifier>
    </Filter>
    <Filter Include="Header Files\i18n\win32">
      <UniqueIdentifier>{82f59ba0-f7dd-4fd8-8fb5-b0d7aa14f156}</UniqueIdentifier>
    </Filter>
    <Filter Include="Header Files\marshal">
      <UniqueIdentifier>{50107bc9-6f90-4e9a-a954-dd4f18137cd7}</UniqueIdentifier>
    </Filter>
    <Filter Include="Header Files\marshal\json">
      <UniqueIdentifier>{799886fc-87d1-478c-bded-17efd00c4b9a}</UniqueIdentifier>
    </Filter>
    <Filter Include="Header Files\marshal\xdr">
      <UniqueIdentifier>{68645243-0499-4a88-a1c5-238947912bf1}</UniqueIdentifier>
    </Filter>
    <Filter Include="Header Files\marshal\xml">
      <UniqueIdentifier>{6b77cce7-c33e-4825-ab01-0cdf726fda52}</UniqueIdentifier>
    </Filter>
    <Filter Include="Header Files\poll">
      <UniqueIdentifier>{54c44b82-f800-4d2c-ba59-7bb95b87d8dc}</UniqueIdentifier>
    </Filter>
    <Filter Include="Header Files\process">
      <UniqueIdentifier>{ef79eb28-c184-421f-895c-ecbc723e44d9}</UniqueIdentifier>
    </Filter>
    <Filter Include="Header Files\sockets">
      <UniqueIdentifier>{f59ccd54-8c7d-4f7a-a0f3-4c04b15118ed}</UniqueIdentifier>
    </Filter>
    <Filter Include="Header Files\sockets\ssl">
      <UniqueIdentifier>{4e94616e-22f8-4763-a5d8-df505f04cd52}</UniqueIdentifier>
    </Filter>
    <Filter Include="Header Files\sockets\win32">
      <UniqueIdentifier>{61ac2112-93b4-4a7d-8ad2-50bc6a99e31a}</UniqueIdentifier>
    </Filter>
    <Filter Include="Header Files\stage">
      <UniqueIdentifier>{087866c2-8108-45f1-bfc6-bfd06e544401}</UniqueIdentifier>
    </Filter>
    <Filter Include="Header Files\thread">
      <UniqueIdentifier>{24213e77-cefe-47af-afea-d99f3079ce54}</UniqueIdentifier>
    </Filter>
    <Filter Include="Header Files\uri">
      <UniqueIdentifier>{6f873fef-6819-4a9d-a105-39c132b84f13}</UniqueIdentifier>
    </Filter>
    <Filter Include="Header Files\uuid">
      <UniqueIdentifier>{eee61f28-307d-4064-8261-057f1813f98b}</UniqueIdentifier>
    </Filter>
    <Filter Include="Source Files">
      <UniqueIdentifier>{df645059-0d21-4dae-9ac4-2bd63102f591}</UniqueIdentifier>
    </Filter>
  </ItemGroup>
  <ItemGroup>
    <ClInclude Include="..\..\..\include\yield\aio\aiocb.hpp">
      <Filter>Header Files\aio</Filter>
    </ClInclude>
    <ClInclude Include="..\..\..\include\yield\aio\fs\aio_queue.hpp">
      <Filter>Header Files\aio\fs</Filter>
    </ClInclude>
    <ClInclude Include="..\..\..\include\yield\aio\fs\aiocb.hpp">
      <Filter>Header Files\aio\fs</Filter>
    </ClInclude>
    <ClInclude Include="..\..\..\include\yield\aio\fs\fdatasync_aiocb.hpp">
      <Filter>Header Files\aio\fs</Filter>
    </ClInclude>
    <ClInclude Include="..\..\..\include\yield\aio\fs\fsync_aiocb.hpp">
      <Filter>Header Files\aio\fs</Filter>
    </ClInclude>
    <ClInclude Include="..\..\..\include\yield\aio\fs\pread_aiocb.hpp">
      <Filter>Header Files\aio\fs</Filter>
    </ClInclude>
    <ClInclude Include="..\..\..\include\yield\aio\fs\pwrite_aiocb.hpp">
      <Filter>Header Files\aio\fs</Filter>
    </ClInclude>
    <ClInclude Include="..\..\..\include\yield\aio\fs\setlk_aiocb.hpp">
      <Filter>Header Files\aio\fs</Filter>
    </ClInclude>
    <ClInclude Include="..\..\..\include\yield\aio\fs\unlk_aiocb.hpp">
      <Filter>Header Files\aio\fs</Filter>
    </ClInclude>
    <ClInclude Include="..\..\..\include\yield\aio\posix\aiocb.hpp">
      <Filter>Header Files\aio\posix</Filter>
    </ClInclude>
    <ClInclude Include="..\..\..\include\yield\aio\sockets\accept_aiocb.hpp">
      <Filter>Header Files\aio\sockets</Filter>
    </ClInclude>
    <ClInclude Include="..\..\..\include\yield\aio\sockets\aio_queue.hpp">
      <Filter>Header Files\aio\sockets</Filter>
    </ClInclude>
    <ClInclude Include="..\..\..\include\yield\aio\sockets\aiocb.hpp">
      <Filter>Header Files\aio\sockets</Filter>
    </ClInclude>
    <ClInclude Include="..\..\..\include\yield\aio\sockets\connect_aiocb.hpp">
      <Filter>Header Files\aio\sockets</Filter>
    </ClInclude>
    <ClInclude Include="..\..\..\include\yield\aio\sockets\recv_aiocb.hpp">
      <Filter>Header Files\aio\sockets</Filter>
    </ClInclude>
    <ClInclude Include="..\..\..\include\yield\aio\sockets\send_aiocb.hpp">
      <Filter>Header Files\aio\sockets</Filter>
    </ClInclude>
    <ClInclude Include="..\..\..\include\yield\aio\win32\aiocb.hpp">
      <Filter>Header Files\aio\win32</Filter>
    </ClInclude>
    <ClInclude Include="..\..\..\include\yield\assert.hpp">
      <Filter>Header Files</Filter>
    </ClInclude>
    <ClInclude Include="..\..\..\include\yield\atomic.hpp">
      <Filter>Header Files</Filter>
    </ClInclude>
    <ClInclude Include="..\..\..\include\yield\auto_object.hpp">
      <Filter>Header Files</Filter>
    </ClInclude>
    <ClInclude Include="..\..\..\include\yield\buffer.hpp">
      <Filter>Header Files</Filter>
    </ClInclude>
    <ClInclude Include="..\..\..\include\yield\channel.hpp">
      <Filter>Header Files</Filter>
    </ClInclude>
    <ClInclude Include="..\..\..\include\yield\channel_pair.hpp">
      <Filter>Header Files</Filter>
    </ClInclude>
    <ClInclude Include="..\..\..\include\yield\clientserver\socket_client.hpp">
      <Filter>Header Files\clientserver</Filter>
    </ClInclude>
    <ClInclude Include="..\..\..\include\yield\clientserver\socket_peer.hpp">
      <Filter>Header Files\clientserver</Filter>
    </ClInclude>
    <ClInclude Include="..\..\..\include\yield\clientserver\socket_server.hpp">
      <Filter>Header Files\clientserver</Filter>
    </ClInclude>
    <ClInclude Include="..\..\..\include\yield\clientserver\stream_socket_client.hpp">
      <Filter>Header Files\clientserver</Filter>
    </ClInclude>
    <ClInclude Include="..\..\..\include\yield\clientserver\stream_socket_peer.hpp">
      <Filter>Header Files\clientserver</Filter>
    </ClInclude>
    <ClInclude Include="..\..\..\include\yield\clientserver\stream_socket_server.hpp">
      <Filter>Header Files\clientserver</Filter>
    </ClInclude>
    <ClInclude Include="..\..\..\include\yield\config.hpp">
      <Filter>Header Files</Filter>
    </ClInclude>
    <ClInclude Include="..\..\..\include\yield\date_time.hpp">
      <Filter>Header Files</Filter>
    </ClInclude>
    <ClInclude Include="..\..\..\include\yield\event.hpp">
      <Filter>Header Files</Filter>
    </ClInclude>
    <ClInclude Include="..\..\..\include\yield\event_handler.hpp">
      <Filter>Header Files</Filter>
    </ClInclude>
    <ClInclude Include="..\..\..\include\yield\event_queue.hpp">
      <Filter>Header Files</Filter>
    </ClInclude>
    <ClInclude Include="..\..\..\include\yield\exception.hpp">
      <Filter>Header Files</Filter>
    </ClInclude>
    <ClInclude Include="..\..\..\include\yield\fixed_buffer.hpp">
      <Filter>Header Files</Filter>
    </ClInclude>
    <ClInclude Include="..\..\..\include\yield\fs\directory.hpp">
      <Filter>Header Files\fs</Filter>
    </ClInclude>
    <ClInclude Include="..\..\..\include\yield\fs\file.hpp">
      <Filter>Header Files\fs</Filter>
    </ClInclude>
    <ClInclude Include="..\..\..\include\yield\fs\file_log.hpp">
      <Filter>Header Files\fs</Filter>
    </ClInclude>
    <ClInclude Include="..\..\..\include\yield\fs\file_system.hpp">
      <Filter>Header Files\fs</Filter>
    </ClInclude>
    <ClInclude Include="..\..\..\include\yield\fs\memory_mapped_file.hpp">
      <Filter>Header Files\fs</Filter>
    </ClInclude>
    <ClInclude Include="..\..\..\include\yield\fs\path.hpp">
      <Filter>Header Files\fs</Filter>
    </ClInclude>
    <ClInclude Include="..\..\..\include\yield\fs\posix\directory.hpp">
      <Filter>Header Files\fs\posix</Filter>
    </ClInclude>
    <ClInclude Include="..\..\..\include\yield\fs\posix\extended_attributes.hpp">
      <Filter>Header Files\fs\posix</Filter>
    </ClInclude>
    <ClInclude Include="..\..\..\include\yield\fs\posix\file.hpp">
      <Filter>Header Files\fs\posix</Filter>
    </ClInclude>
    <ClInclude Include="..\..\..\include\yield\fs\posix\file_system.hpp">
      <Filter>Header Files\fs\posix</Filter>
    </ClInclude>
    <ClInclude Include="..\..\..\include\yield\fs\posix\memory_mapped_file.hpp">
      <Filter>Header Files\fs\posix</Filter>
    </ClInclude>
    <ClInclude Include="..\..\..\include\yield\fs\posix\stat.hpp">
      <Filter>Header Files\fs\posix</Filter>
    </ClInclude>
    <ClInclude Include="..\..\..\include\yield\fs\stat.hpp">
      <Filter>Header Files\fs</Filter>
    </ClInclude>
    <ClInclude Include="..\..\..\include\yield\fs\win32\directory.hpp">
      <Filter>Header Files\fs\win32</Filter>
    </ClInclude>
    <ClInclude Include="..\..\..\include\yield\fs\win32\file.hpp">
      <Filter>Header Files\fs\win32</Filter>
    </ClInclude>
    <ClInclude Include="..\..\..\include\yield\fs\win32\file_system.hpp">
      <Filter>Header Files\fs\win32</Filter>
    </ClInclude>
    <ClInclude Include="..\..\..\include\yield\fs\win32\memory_mapped_file.hpp">
      <Filter>Header Files\fs\win32</Filter>
    </ClInclude>
    <ClInclude Include="..\..\..\include\yield\fs\win32\stat.hpp">
      <Filter>Header Files\fs\win32</Filter>
    </ClInclude>
    <ClInclude Include="..\..\..\include\yield\getopt\option.hpp">
      <Filter>Header Files\getopt</Filter>
    </ClInclude>
    <ClInclude Include="..\..\..\include\yield\getopt\option_parser.hpp">
      <Filter>Header Files\getopt</Filter>
    </ClInclude>
    <ClInclude Include="..\..\..\include\yield\getopt\options.hpp">
      <Filter>Header Files\getopt</Filter>
    </ClInclude>
    <ClInclude Include="..\..\..\include\yield\getopt\parsed_option.hpp">
      <Filter>Header Files\getopt</Filter>
    </ClInclude>
    <ClInclude Include="..\..\..\include\yield\getopt\parsed_options.hpp">
      <Filter>Header Files\getopt</Filter>
    </ClInclude>
    <ClInclude Include="..\..\..\include\yield\http\access_log.hpp">
      <Filter>Header Files\http</Filter>
    </ClInclude>
    <ClInclude Include="..\..\..\include\yield\http\http_body_chunk.hpp">
      <Filter>Header Files\http</Filter>
    </ClInclude>
    <ClInclude Include="..\..\..\include\yield\http\http_client.hpp">
      <Filter>Header Files\http</Filter>
    </ClInclude>
    <ClInclude Include="..\..\..\include\yield\http\http_message.hpp">
      <Filter>Header Files\http</Filter>
    </ClInclude>
    <ClInclude Include="..\..\..\include\yield\http\http_message_parser.hpp">
      <Filter>Header Files\http</Filter>
    </ClInclude>
    <ClInclude Include="..\..\..\include\yield\http\http_request.hpp">
      <Filter>Header Files\http</Filter>
    </ClInclude>
    <ClInclude Include="..\..\..\include\yield\http\http_request_handler.hpp">
      <Filter>Header Files\http</Filter>
    </ClInclude>
    <ClInclude Include="..\..\..\include\yield\http\http_request_parser.hpp">
      <Filter>Header Files\http</Filter>
    </ClInclude>
    <ClInclude Include="..\..\..\include\yield\http\http_response.hpp">
      <Filter>Header Files\http</Filter>
    </ClInclude>
    <ClInclude Include="..\..\..\include\yield\http\http_response_parser.hpp">
      <Filter>Header Files\http</Filter>
    </ClInclude>
    <ClInclude Include="..\..\..\include\yield\http\http_server.hpp">
      <Filter>Header Files\http</Filter>
    </ClInclude>
    <ClInclude Include="..\..\..\include\yield\i18n\code.hpp">
      <Filter>Header Files\i18n</Filter>
    </ClInclude>
    <ClInclude Include="..\..\..\include\yield\i18n\iconv.hpp">
      <Filter>Header Files\i18n</Filter>
    </ClInclude>
    <ClInclude Include="..\..\..\include\yield\i18n\posix\code.hpp">
      <Filter>Header Files\i18n\posix</Filter>
    </ClInclude>
    <ClInclude Include="..\..\..\include\yield\i18n\posix\iconv.hpp">
      <Filter>Header Files\i18n\posix</Filter>
    </ClInclude>
    <ClInclude Include="..\..\..\include\yield\i18n\posix\tstring.hpp">
      <Filter>Header Files\i18n\posix</Filter>
    </ClInclude>
    <ClInclude Include="..\..\..\include\yield\i18n\tstring.hpp">
      <Filter>Header Files\i18n</Filter>
    </ClInclude>
    <ClInclude Include="..\..\..\include\yield\i18n\win32\code.hpp">
      <Filter>Header Files\i18n\win32</Filter>
    </ClInclude>
    <ClInclude Include="..\..\..\include\yield\i18n\win32\iconv.hpp">
      <Filter>Header Files\i18n\win32</Filter>
    </ClInclude>
    <ClInclude Include="..\..\..\include\yield\i18n\win32\tstring.hpp">
      <Filter>Header Files\i18n\win32</Filter>
    </ClInclude>
    <ClInclude Include="..\..\..\include\yield\log.hpp">
      <Filter>Header Files</Filter>
    </ClInclude>
    <ClInclude Include="..\..\..\include\yield\marshal\boolean.hpp">
      <Filter>Header Files\marshal</Filter>
    </ClInclude>
    <ClInclude Include="..\..\..\include\yield\marshal\double.hpp">
      <Filter>Header Files\marshal</Filter>
    </ClInclude>
    <ClInclude Include="..\..\..\include\yield\marshal\integer.hpp">
      <Filter>Header Files\marshal</Filter>
    </ClInclude>
    <ClInclude Include="..\..\..\include\yield\marshal\json\json_decoder.hpp">
      <Filter>Header Files\marshal\json</Filter>
    </ClInclude>
    <ClInclude Include="..\..\..\include\yield\marshal\json\json_encoder.hpp">
      <Filter>Header Files\marshal\json</Filter>
    </ClInclude>
    <ClInclude Include="..\..\..\include\yield\marshal\json\json_marshaller.hpp">
      <Filter>Header Files\marshal\json</Filter>
    </ClInclude>
    <ClInclude Include="..\..\..\include\yield\marshal\json\json_unmarshaller.hpp">
      <Filter>Header Files\marshal\json</Filter>
    </ClInclude>
    <ClInclude Include="..\..\..\include\yield\marshal\map.hpp">
      <Filter>Header Files\marshal</Filter>
    </ClInclude>
    <ClInclude Include="..\..\..\include\yield\marshal\marshaller.hpp">
      <Filter>Header Files\marshal</Filter>
    </ClInclude>
    <ClInclude Include="..\..\..\include\yield\marshal\null.hpp">
      <Filter>Header Files\marshal</Filter>
    </ClInclude>
    <ClInclude Include="..\..\..\include\yield\marshal\object.hpp">
      <Filter>Header Files\marshal</Filter>
    </ClInclude>
    <ClInclude Include="..\..\..\include\yield\marshal\pretty_printer.hpp">
      <Filter>Header Files\marshal</Filter>
    </ClInclude>
    <ClInclude Include="..\..\..\include\yield\marshal\sequence.hpp">
      <Filter>Header Files\marshal</Filter>
    </ClInclude>
    <ClInclude Include="..\..\..\include\yield\marshal\string.hpp">
      <Filter>Header Files\marshal</Filter>
    </ClInclude>
    <ClInclude Include="..\..\..\include\yield\marshal\string_literal.hpp">
      <Filter>Header Files\marshal</Filter>
    </ClInclude>
    <ClInclude Include="..\..\..\include\yield\marshal\unmarshaller.hpp">
      <Filter>Header Files\marshal</Filter>
    </ClInclude>
    <ClInclude Include="..\..\..\include\yield\marshal\xdr\xdr_decoder.hpp">
      <Filter>Header Files\marshal\xdr</Filter>
    </ClInclude>
    <ClInclude Include="..\..\..\include\yield\marshal\xdr\xdr_encoder.hpp">
      <Filter>Header Files\marshal\xdr</Filter>
    </ClInclude>
    <ClInclude Include="..\..\..\include\yield\marshal\xdr\xdr_marshaller.hpp">
      <Filter>Header Files\marshal\xdr</Filter>
    </ClInclude>
    <ClInclude Include="..\..\..\include\yield\marshal\xdr\xdr_unmarshaller.hpp">
      <Filter>Header Files\marshal\xdr</Filter>
    </ClInclude>
    <ClInclude Include="..\..\..\include\yield\marshal\xml\xml_encoder.hpp">
      <Filter>Header Files\marshal\xml</Filter>
    </ClInclude>
    <ClInclude Include="..\..\..\include\yield\marshal\xml\xml_marshaller.hpp">
      <Filter>Header Files\marshal\xml</Filter>
    </ClInclude>
    <ClInclude Include="..\..\..\include\yield\marshal\xml\xml_unmarshaller.hpp">
      <Filter>Header Files\marshal\xml</Filter>
    </ClInclude>
    <ClInclude Include="..\..\..\include\yield\message.hpp">
      <Filter>Header Files</Filter>
    </ClInclude>
    <ClInclude Include="..\..\..\include\yield\object.hpp">
      <Filter>Header Files</Filter>
    </ClInclude>
    <ClInclude Include="..\..\..\include\yield\page.hpp">
      <Filter>Header Files</Filter>
    </ClInclude>
    <ClInclude Include="..\..\..\include\yield\poll\fd_event.hpp">
      <Filter>Header Files\poll</Filter>
    </ClInclude>
    <ClInclude Include="..\..\..\include\yield\poll\fd_event_queue.hpp">
      <Filter>Header Files\poll</Filter>
    </ClInclude>
    <ClInclude Include="..\..\..\include\yield\poll\socket_event.hpp">
      <Filter>Header Files\poll</Filter>
    </ClInclude>
    <ClInclude Include="..\..\..\include\yield\poll\socket_event_queue.hpp">
      <Filter>Header Files\poll</Filter>
    </ClInclude>
    <ClInclude Include="..\..\..\include\yield\process\process.hpp">
      <Filter>Header Files\process</Filter>
    </ClInclude>
    <ClInclude Include="..\..\..\include\yield\process\shared_library.hpp">
      <Filter>Header Files\process</Filter>
    </ClInclude>
    <ClInclude Include="..\..\..\include\yield\request.hpp">
      <Filter>Header Files</Filter>
    </ClInclude>
    <ClInclude Include="..\..\..\include\yield\response.hpp">
      <Filter>Header Files</Filter>
    </ClInclude>
    <ClInclude Include="..\..\..\include\yield\sockets\datagram_socket.hpp">
      <Filter>Header Files\sockets</Filter>
    </ClInclude>
    <ClInclude Include="..\..\..\include\yield\sockets\socket.hpp">
      <Filter>Header Files\sockets</Filter>
    </ClInclude>
    <ClInclude Include="..\..\..\include\yield\sockets\socket_address.hpp">
      <Filter>Header Files\sockets</Filter>
    </ClInclude>
    <ClInclude Include="..\..\..\include\yield\sockets\socket_pair.hpp">
      <Filter>Header Files\sockets</Filter>
    </ClInclude>
    <ClInclude Include="..\..\..\include\yield\sockets\ssl\ssl_context.hpp">
      <Filter>Header Files\sockets\ssl</Filter>
    </ClInclude>
    <ClInclude Include="..\..\..\include\yield\sockets\ssl\ssl_exception.hpp">
      <Filter>Header Files\sockets\ssl</Filter>
    </ClInclude>
    <ClInclude Include="..\..\..\include\yield\sockets\ssl\ssl_socket.hpp">
      <Filter>Header Files\sockets\ssl</Filter>
    </ClInclude>
    <ClInclude Include="..\..\..\include\yield\sockets\stream_socket.hpp">
      <Filter>Header Files\sockets</Filter>
    </ClInclude>
    <ClInclude Include="..\..\..\include\yield\sockets\tcp_socket.hpp">
      <Filter>Header Files\sockets</Filter>
    </ClInclude>
    <ClInclude Include="..\..\..\include\yield\sockets\udp_socket.hpp">
      <Filter>Header Files\sockets</Filter>
    </ClInclude>
    <ClInclude Include="..\..\..\include\yield\sockets\win32\winsock.hpp">
      <Filter>Header Files\sockets\win32</Filter>
    </ClInclude>
    <ClInclude Include="..\..\..\include\yield\stage\polling_stage_scheduler.hpp">
      <Filter>Header Files\stage</Filter>
    </ClInclude>
    <ClInclude Include="..\..\..\include\yield\stage\seda_stage_scheduler.hpp">
      <Filter>Header Files\stage</Filter>
    </ClInclude>
    <ClInclude Include="..\..\..\include\yield\stage\stage.hpp">
      <Filter>Header Files\stage</Filter>
    </ClInclude>
    <ClInclude Include="..\..\..\include\yield\stage\stage_scheduler.hpp">
      <Filter>Header Files\stage</Filter>
    </ClInclude>
    <ClInclude Include="..\..\..\include\yield\stage\synchronized_event_queue.hpp">
      <Filter>Header Files\stage</Filter>
    </ClInclude>
    <ClInclude Include="..\..\..\include\yield\stage\synchronized_response_queue.hpp">
      <Filter>Header Files\stage</Filter>
    </ClInclude>
    <ClInclude Include="..\..\..\include\yield\stage\wavefront_stage_scheduler.hpp">
      <Filter>Header Files\stage</Filter>
    </ClInclude>
    <ClInclude Include="..\..\..\include\yield\string_buffer.hpp">
      <Filter>Header Files</Filter>
    </ClInclude>
    <ClInclude Include="..\..\..\include\yield\thread\blocking_concurrent_queue.hpp">
      <Filter>Header Files\thread</Filter>
    </ClInclude>
    <ClInclude Include="..\..\..\include\yield\thread\condition_variable.hpp">
      <Filter>Header Files\thread</Filter>
    </ClInclude>
    <ClInclude Include="..\..\..\include\yield\thread\fiber.hpp">
      <Filter>Header Files\thread</Filter>
    </ClInclude>
    <ClInclude Include="..\..\..\include\yield\thread\lightweight_mutex.hpp">
      <Filter>Header Files\thread</Filter>
    </ClInclude>
    <ClInclude Include="..\..\..\include\yield\thread\mutex.hpp">
      <Filter>Header Files\thread</Filter>
    </ClInclude>
    <ClInclude Include="..\..\..\include\yield\thread\mutex_holder.hpp">
      <Filter>Header Files\thread</Filter>
    </ClInclude>
    <ClInclude Include="..\..\..\include\yield\thread\non_blocking_concurrent_queue.hpp">
      <Filter>Header Files\thread</Filter>
    </ClInclude>
    <ClInclude Include="..\..\..\include\yield\thread\performance_counter_set.hpp">
      <Filter>Header Files\thread</Filter>
    </ClInclude>
    <ClInclude Include="..\..\..\include\yield\thread\pipe.hpp">
      <Filter>Header Files\thread</Filter>
    </ClInclude>
    <ClInclude Include="..\..\..\include\yield\thread\processor_set.hpp">
      <Filter>Header Files\thread</Filter>
    </ClInclude>
    <ClInclude Include="..\..\..\include\yield\thread\reader_writer_lock.hpp">
      <Filter>Header Files\thread</Filter>
    </ClInclude>
    <ClInclude Include="..\..\..\include\yield\thread\runnable.hpp">
      <Filter>Header Files\thread</Filter>
    </ClInclude>
    <ClInclude Include="..\..\..\include\yield\thread\sampler.hpp">
      <Filter>Header Files\thread</Filter>
    </ClInclude>
    <ClInclude Include="..\..\..\include\yield\thread\semaphore.hpp">
      <Filter>Header Files\thread</Filter>
    </ClInclude>
    <ClInclude Include="..\..\..\include\yield\thread\static_runnable.hpp">
      <Filter>Header Files\thread</Filter>
    </ClInclude>
    <ClInclude Include="..\..\..\include\yield\thread\synchronized_queue.hpp">
      <Filter>Header Files\thread</Filter>
    </ClInclude>
    <ClInclude Include="..\..\..\include\yield\thread\system_configuration.hpp">
      <Filter>Header Files\thread</Filter>
    </ClInclude>
    <ClInclude Include="..\..\..\include\yield\thread\thread.hpp">
      <Filter>Header Files\thread</Filter>
    </ClInclude>
    <ClInclude Include="..\..\..\include\yield\thread\tls_concurrent_queue.hpp">
      <Filter>Header Files\thread</Filter>
    </ClInclude>
    <ClInclude Include="..\..\..\include\yield\thread\unit_concurrent_queue.hpp">
      <Filter>Header Files\thread</Filter>
    </ClInclude>
    <ClInclude Include="..\..\..\include\yield\time.hpp">
      <Filter>Header Files</Filter>
    </ClInclude>
    <ClInclude Include="..\..\..\include\yield\types.hpp">
      <Filter>Header Files</Filter>
    </ClInclude>
    <ClInclude Include="..\..\..\include\yield\uri\uri.hpp">
      <Filter>Header Files\uri</Filter>
    </ClInclude>
    <ClInclude Include="..\..\..\include\yield\uuid\uuid.hpp">
      <Filter>Header Files\uuid</Filter>
    </ClInclude>
  </ItemGroup>
  <ItemGroup>
    <ClCompile Include="..\..\..\src\yield\clientserver\socket_client.cpp">
      <Filter>Source Files</Filter>
    </ClCompile>
    <ClCompile Include="..\..\..\src\yield\clientserver\socket_peer.cpp">
      <Filter>Source Files</Filter>
    </ClCompile>
    <ClCompile Include="..\..\..\src\yield\clientserver\socket_server.cpp">
      <Filter>Source Files</Filter>
    </ClCompile>
    <ClCompile Include="..\..\..\src\yield\clientserver\stream_socket_client.cpp">
      <Filter>Source Files</Filter>
    </ClCompile>
    <ClCompile Include="..\..\..\src\yield\clientserver\stream_socket_peer.cpp">
      <Filter>Source Files</Filter>
    </ClCompile>
    <ClCompile Include="..\..\..\src\yield\clientserver\stream_socket_server.cpp">
      <Filter>Source Files</Filter>
    </ClCompile>
  </ItemGroup>
</Project>
